// !$*UTF8*$!
{
	archiveVersion = 1;
	classes = {
	};
	objectVersion = 56;
	objects = {

/* Begin PBXBuildFile section */
		75B837BC2A7B659900DEA270 /* FreeDaysApp.swift in Sources */ = {isa = PBXBuildFile; fileRef = 75B837BB2A7B659900DEA270 /* FreeDaysApp.swift */; };
		75B837BE2A7B659900DEA270 /* ScheduleSectionView.swift in Sources */ = {isa = PBXBuildFile; fileRef = 75B837BD2A7B659900DEA270 /* ScheduleSectionView.swift */; };
		75B837C02A7B659B00DEA270 /* Assets.xcassets in Resources */ = {isa = PBXBuildFile; fileRef = 75B837BF2A7B659B00DEA270 /* Assets.xcassets */; };
		75B837C32A7B659B00DEA270 /* Preview Assets.xcassets in Resources */ = {isa = PBXBuildFile; fileRef = 75B837C22A7B659B00DEA270 /* Preview Assets.xcassets */; };
		75B837CC2A7B7BB800DEA270 /* ColorExtension.swift in Sources */ = {isa = PBXBuildFile; fileRef = 75B837CB2A7B7BB800DEA270 /* ColorExtension.swift */; };
		75B837CF2A7B7D8A00DEA270 /* ScheduleSectionListView.swift in Sources */ = {isa = PBXBuildFile; fileRef = 75B837CE2A7B7D8A00DEA270 /* ScheduleSectionListView.swift */; };
		75B837D22A7B808400DEA270 /* FindFreeDaysView.swift in Sources */ = {isa = PBXBuildFile; fileRef = 75B837D12A7B808400DEA270 /* FindFreeDaysView.swift */; };
/* End PBXBuildFile section */

/* Begin PBXFileReference section */
		75B837B82A7B659900DEA270 /* FreeDays.app */ = {isa = PBXFileReference; explicitFileType = wrapper.application; includeInIndex = 0; path = FreeDays.app; sourceTree = BUILT_PRODUCTS_DIR; };
		75B837BB2A7B659900DEA270 /* FreeDaysApp.swift */ = {isa = PBXFileReference; lastKnownFileType = sourcecode.swift; path = FreeDaysApp.swift; sourceTree = "<group>"; };
		75B837BD2A7B659900DEA270 /* ScheduleSectionView.swift */ = {isa = PBXFileReference; lastKnownFileType = sourcecode.swift; path = ScheduleSectionView.swift; sourceTree = "<group>"; };
		75B837BF2A7B659B00DEA270 /* Assets.xcassets */ = {isa = PBXFileReference; lastKnownFileType = folder.assetcatalog; path = Assets.xcassets; sourceTree = "<group>"; };
		75B837C22A7B659B00DEA270 /* Preview Assets.xcassets */ = {isa = PBXFileReference; lastKnownFileType = folder.assetcatalog; path = "Preview Assets.xcassets"; sourceTree = "<group>"; };
		75B837CB2A7B7BB800DEA270 /* ColorExtension.swift */ = {isa = PBXFileReference; lastKnownFileType = sourcecode.swift; path = ColorExtension.swift; sourceTree = "<group>"; };
		75B837CE2A7B7D8A00DEA270 /* ScheduleSectionListView.swift */ = {isa = PBXFileReference; lastKnownFileType = sourcecode.swift; path = ScheduleSectionListView.swift; sourceTree = "<group>"; };
		75B837D12A7B808400DEA270 /* FindFreeDaysView.swift */ = {isa = PBXFileReference; lastKnownFileType = sourcecode.swift; path = FindFreeDaysView.swift; sourceTree = "<group>"; };
/* End PBXFileReference section */

/* Begin PBXFrameworksBuildPhase section */
		75B837B52A7B659900DEA270 /* Frameworks */ = {
			isa = PBXFrameworksBuildPhase;
			buildActionMask = 2147483647;
			files = (
			);
			runOnlyForDeploymentPostprocessing = 0;
		};
/* End PBXFrameworksBuildPhase section */

/* Begin PBXGroup section */
		75B837AF2A7B659900DEA270 = {
			isa = PBXGroup;
			children = (
				75B837BA2A7B659900DEA270 /* FreeDays */,
				75B837B92A7B659900DEA270 /* Products */,
			);
			sourceTree = "<group>";
		};
		75B837B92A7B659900DEA270 /* Products */ = {
			isa = PBXGroup;
			children = (
				75B837B82A7B659900DEA270 /* FreeDays.app */,
			);
			name = Products;
			sourceTree = "<group>";
		};
		75B837BA2A7B659900DEA270 /* FreeDays */ = {
			isa = PBXGroup;
			children = (
				75B837BB2A7B659900DEA270 /* FreeDaysApp.swift */,
				75B837CA2A7B7B5600DEA270 /* Extension */,
				75B837C92A7B7B3100DEA270 /* Screen */,
				75B837BF2A7B659B00DEA270 /* Assets.xcassets */,
				75B837C12A7B659B00DEA270 /* Preview Content */,
			);
			path = FreeDays;
			sourceTree = "<group>";
		};
		75B837C12A7B659B00DEA270 /* Preview Content */ = {
			isa = PBXGroup;
			children = (
				75B837C22A7B659B00DEA270 /* Preview Assets.xcassets */,
			);
			path = "Preview Content";
			sourceTree = "<group>";
		};
		75B837C92A7B7B3100DEA270 /* Screen */ = {
			isa = PBXGroup;
			children = (
				75B837BD2A7B659900DEA270 /* ScheduleSectionView.swift */,
				75B837D02A7B803200DEA270 /* ScheduleSectoinDetail */,
				75B837CD2A7B7D5700DEA270 /* ScheduleSectionList */,
			);
			path = Screen;
			sourceTree = "<group>";
		};
		75B837CA2A7B7B5600DEA270 /* Extension */ = {
			isa = PBXGroup;
			children = (
				75B837CB2A7B7BB800DEA270 /* ColorExtension.swift */,
			);
			path = Extension;
			sourceTree = "<group>";
		};
		75B837CD2A7B7D5700DEA270 /* ScheduleSectionList */ = {
			isa = PBXGroup;
			children = (
				75B837CE2A7B7D8A00DEA270 /* ScheduleSectionListView.swift */,
			);
			path = ScheduleSectionList;
			sourceTree = "<group>";
		};
		75B837D02A7B803200DEA270 /* ScheduleSectoinDetail */ = {
			isa = PBXGroup;
			children = (
				75B837D12A7B808400DEA270 /* FindFreeDaysView.swift */,
			);
			path = ScheduleSectoinDetail;
			sourceTree = "<group>";
		};
/* End PBXGroup section */

/* Begin PBXNativeTarget section */
		75B837B72A7B659900DEA270 /* FreeDays */ = {
			isa = PBXNativeTarget;
			buildConfigurationList = 75B837C62A7B659B00DEA270 /* Build configuration list for PBXNativeTarget "FreeDays" */;
			buildPhases = (
				75B837B42A7B659900DEA270 /* Sources */,
				75B837B52A7B659900DEA270 /* Frameworks */,
				75B837B62A7B659900DEA270 /* Resources */,
			);
			buildRules = (
			);
			dependencies = (
			);
			name = FreeDays;
			productName = FreeDays;
			productReference = 75B837B82A7B659900DEA270 /* FreeDays.app */;
			productType = "com.apple.product-type.application";
		};
/* End PBXNativeTarget section */

/* Begin PBXProject section */
		75B837B02A7B659900DEA270 /* Project object */ = {
			isa = PBXProject;
			attributes = {
				BuildIndependentTargetsInParallel = 1;
				LastSwiftUpdateCheck = 1430;
				LastUpgradeCheck = 1430;
				TargetAttributes = {
					75B837B72A7B659900DEA270 = {
						CreatedOnToolsVersion = 14.3.1;
					};
				};
			};
			buildConfigurationList = 75B837B32A7B659900DEA270 /* Build configuration list for PBXProject "FreeDays" */;
			compatibilityVersion = "Xcode 14.0";
			developmentRegion = en;
			hasScannedForEncodings = 0;
			knownRegions = (
				en,
				Base,
			);
			mainGroup = 75B837AF2A7B659900DEA270;
			productRefGroup = 75B837B92A7B659900DEA270 /* Products */;
			projectDirPath = "";
			projectRoot = "";
			targets = (
				75B837B72A7B659900DEA270 /* FreeDays */,
			);
		};
/* End PBXProject section */

/* Begin PBXResourcesBuildPhase section */
		75B837B62A7B659900DEA270 /* Resources */ = {
			isa = PBXResourcesBuildPhase;
			buildActionMask = 2147483647;
			files = (
				75B837C32A7B659B00DEA270 /* Preview Assets.xcassets in Resources */,
				75B837C02A7B659B00DEA270 /* Assets.xcassets in Resources */,
			);
			runOnlyForDeploymentPostprocessing = 0;
		};
/* End PBXResourcesBuildPhase section */

/* Begin PBXSourcesBuildPhase section */
		75B837B42A7B659900DEA270 /* Sources */ = {
			isa = PBXSourcesBuildPhase;
			buildActionMask = 2147483647;
			files = (
				75B837D22A7B808400DEA270 /* FindFreeDaysView.swift in Sources */,
				75B837CC2A7B7BB800DEA270 /* ColorExtension.swift in Sources */,
				75B837CF2A7B7D8A00DEA270 /* ScheduleSectionListView.swift in Sources */,
				75B837BE2A7B659900DEA270 /* ScheduleSectionView.swift in Sources */,
				75B837BC2A7B659900DEA270 /* FreeDaysApp.swift in Sources */,
			);
			runOnlyForDeploymentPostprocessing = 0;
		};
/* End PBXSourcesBuildPhase section */

/* Begin XCBuildConfiguration section */
		75B837C42A7B659B00DEA270 /* Debug */ = {
			isa = XCBuildConfiguration;
			buildSettings = {
				ALWAYS_SEARCH_USER_PATHS = NO;
				CLANG_ANALYZER_NONNULL = YES;
				CLANG_ANALYZER_NUMBER_OBJECT_CONVERSION = YES_AGGRESSIVE;
				CLANG_CXX_LANGUAGE_STANDARD = "gnu++20";
				CLANG_ENABLE_MODULES = YES;
				CLANG_ENABLE_OBJC_ARC = YES;
				CLANG_ENABLE_OBJC_WEAK = YES;
				CLANG_WARN_BLOCK_CAPTURE_AUTORELEASING = YES;
				CLANG_WARN_BOOL_CONVERSION = YES;
				CLANG_WARN_COMMA = YES;
				CLANG_WARN_CONSTANT_CONVERSION = YES;
				CLANG_WARN_DEPRECATED_OBJC_IMPLEMENTATIONS = YES;
				CLANG_WARN_DIRECT_OBJC_ISA_USAGE = YES_ERROR;
				CLANG_WARN_DOCUMENTATION_COMMENTS = YES;
				CLANG_WARN_EMPTY_BODY = YES;
				CLANG_WARN_ENUM_CONVERSION = YES;
				CLANG_WARN_INFINITE_RECURSION = YES;
				CLANG_WARN_INT_CONVERSION = YES;
				CLANG_WARN_NON_LITERAL_NULL_CONVERSION = YES;
				CLANG_WARN_OBJC_IMPLICIT_RETAIN_SELF = YES;
				CLANG_WARN_OBJC_LITERAL_CONVERSION = YES;
				CLANG_WARN_OBJC_ROOT_CLASS = YES_ERROR;
				CLANG_WARN_QUOTED_INCLUDE_IN_FRAMEWORK_HEADER = YES;
				CLANG_WARN_RANGE_LOOP_ANALYSIS = YES;
				CLANG_WARN_STRICT_PROTOTYPES = YES;
				CLANG_WARN_SUSPICIOUS_MOVE = YES;
				CLANG_WARN_UNGUARDED_AVAILABILITY = YES_AGGRESSIVE;
				CLANG_WARN_UNREACHABLE_CODE = YES;
				CLANG_WARN__DUPLICATE_METHOD_MATCH = YES;
				COPY_PHASE_STRIP = NO;
				DEBUG_INFORMATION_FORMAT = dwarf;
				ENABLE_STRICT_OBJC_MSGSEND = YES;
				ENABLE_TESTABILITY = YES;
				GCC_C_LANGUAGE_STANDARD = gnu11;
				GCC_DYNAMIC_NO_PIC = NO;
				GCC_NO_COMMON_BLOCKS = YES;
				GCC_OPTIMIZATION_LEVEL = 0;
				GCC_PREPROCESSOR_DEFINITIONS = (
					"DEBUG=1",
					"$(inherited)",
				);
				GCC_WARN_64_TO_32_BIT_CONVERSION = YES;
				GCC_WARN_ABOUT_RETURN_TYPE = YES_ERROR;
				GCC_WARN_UNDECLARED_SELECTOR = YES;
				GCC_WARN_UNINITIALIZED_AUTOS = YES_AGGRESSIVE;
				GCC_WARN_UNUSED_FUNCTION = YES;
				GCC_WARN_UNUSED_VARIABLE = YES;
				IPHONEOS_DEPLOYMENT_TARGET = 16.4;
				MTL_ENABLE_DEBUG_INFO = INCLUDE_SOURCE;
				MTL_FAST_MATH = YES;
				ONLY_ACTIVE_ARCH = YES;
				SDKROOT = iphoneos;
				SWIFT_ACTIVE_COMPILATION_CONDITIONS = DEBUG;
				SWIFT_OPTIMIZATION_LEVEL = "-Onone";
			};
			name = Debug;
		};
		75B837C52A7B659B00DEA270 /* Release */ = {
			isa = XCBuildConfiguration;
			buildSettings = {
				ALWAYS_SEARCH_USER_PATHS = NO;
				CLANG_ANALYZER_NONNULL = YES;
				CLANG_ANALYZER_NUMBER_OBJECT_CONVERSION = YES_AGGRESSIVE;
				CLANG_CXX_LANGUAGE_STANDARD = "gnu++20";
				CLANG_ENABLE_MODULES = YES;
				CLANG_ENABLE_OBJC_ARC = YES;
				CLANG_ENABLE_OBJC_WEAK = YES;
				CLANG_WARN_BLOCK_CAPTURE_AUTORELEASING = YES;
				CLANG_WARN_BOOL_CONVERSION = YES;
				CLANG_WARN_COMMA = YES;
				CLANG_WARN_CONSTANT_CONVERSION = YES;
				CLANG_WARN_DEPRECATED_OBJC_IMPLEMENTATIONS = YES;
				CLANG_WARN_DIRECT_OBJC_ISA_USAGE = YES_ERROR;
				CLANG_WARN_DOCUMENTATION_COMMENTS = YES;
				CLANG_WARN_EMPTY_BODY = YES;
				CLANG_WARN_ENUM_CONVERSION = YES;
				CLANG_WARN_INFINITE_RECURSION = YES;
				CLANG_WARN_INT_CONVERSION = YES;
				CLANG_WARN_NON_LITERAL_NULL_CONVERSION = YES;
				CLANG_WARN_OBJC_IMPLICIT_RETAIN_SELF = YES;
				CLANG_WARN_OBJC_LITERAL_CONVERSION = YES;
				CLANG_WARN_OBJC_ROOT_CLASS = YES_ERROR;
				CLANG_WARN_QUOTED_INCLUDE_IN_FRAMEWORK_HEADER = YES;
				CLANG_WARN_RANGE_LOOP_ANALYSIS = YES;
				CLANG_WARN_STRICT_PROTOTYPES = YES;
				CLANG_WARN_SUSPICIOUS_MOVE = YES;
				CLANG_WARN_UNGUARDED_AVAILABILITY = YES_AGGRESSIVE;
				CLANG_WARN_UNREACHABLE_CODE = YES;
				CLANG_WARN__DUPLICATE_METHOD_MATCH = YES;
				COPY_PHASE_STRIP = NO;
				DEBUG_INFORMATION_FORMAT = "dwarf-with-dsym";
				ENABLE_NS_ASSERTIONS = NO;
				ENABLE_STRICT_OBJC_MSGSEND = YES;
				GCC_C_LANGUAGE_STANDARD = gnu11;
				GCC_NO_COMMON_BLOCKS = YES;
				GCC_WARN_64_TO_32_BIT_CONVERSION = YES;
				GCC_WARN_ABOUT_RETURN_TYPE = YES_ERROR;
				GCC_WARN_UNDECLARED_SELECTOR = YES;
				GCC_WARN_UNINITIALIZED_AUTOS = YES_AGGRESSIVE;
				GCC_WARN_UNUSED_FUNCTION = YES;
				GCC_WARN_UNUSED_VARIABLE = YES;
				IPHONEOS_DEPLOYMENT_TARGET = 16.4;
				MTL_ENABLE_DEBUG_INFO = NO;
				MTL_FAST_MATH = YES;
				SDKROOT = iphoneos;
				SWIFT_COMPILATION_MODE = wholemodule;
				SWIFT_OPTIMIZATION_LEVEL = "-O";
				VALIDATE_PRODUCT = YES;
			};
			name = Release;
		};
		75B837C72A7B659B00DEA270 /* Debug */ = {
			isa = XCBuildConfiguration;
			buildSettings = {
				ASSETCATALOG_COMPILER_APPICON_NAME = AppIcon;
				ASSETCATALOG_COMPILER_GLOBAL_ACCENT_COLOR_NAME = AccentColor;
				CODE_SIGN_STYLE = Automatic;
				CURRENT_PROJECT_VERSION = 1;
				DEVELOPMENT_ASSET_PATHS = "\"FreeDays/Preview Content\"";
				DEVELOPMENT_TEAM = N28L9FHHL4;
				ENABLE_PREVIEWS = YES;
				GENERATE_INFOPLIST_FILE = YES;
				INFOPLIST_KEY_UIApplicationSceneManifest_Generation = YES;
				INFOPLIST_KEY_UIApplicationSupportsIndirectInputEvents = YES;
				INFOPLIST_KEY_UILaunchScreen_Generation = YES;
				INFOPLIST_KEY_UISupportedInterfaceOrientations_iPad = "UIInterfaceOrientationPortrait UIInterfaceOrientationPortraitUpsideDown UIInterfaceOrientationLandscapeLeft UIInterfaceOrientationLandscapeRight";
				INFOPLIST_KEY_UISupportedInterfaceOrientations_iPhone = "UIInterfaceOrientationPortrait UIInterfaceOrientationLandscapeLeft UIInterfaceOrientationLandscapeRight";
				LD_RUNPATH_SEARCH_PATHS = (
					"$(inherited)",
					"@executable_path/Frameworks",
				);
				MARKETING_VERSION = 1.0;
				PRODUCT_BUNDLE_IDENTIFIER = hayate.swift.FreeDays;
				PRODUCT_NAME = "$(TARGET_NAME)";
				SWIFT_EMIT_LOC_STRINGS = YES;
				SWIFT_VERSION = 5.0;
				TARGETED_DEVICE_FAMILY = "1,2";
			};
			name = Debug;
		};
		75B837C82A7B659B00DEA270 /* Release */ = {
			isa = XCBuildConfiguration;
			buildSettings = {
				ASSETCATALOG_COMPILER_APPICON_NAME = AppIcon;
				ASSETCATALOG_COMPILER_GLOBAL_ACCENT_COLOR_NAME = AccentColor;
				CODE_SIGN_STYLE = Automatic;
				CURRENT_PROJECT_VERSION = 1;
				DEVELOPMENT_ASSET_PATHS = "\"FreeDays/Preview Content\"";
				DEVELOPMENT_TEAM = N28L9FHHL4;
				ENABLE_PREVIEWS = YES;
				GENERATE_INFOPLIST_FILE = YES;
				INFOPLIST_KEY_UIApplicationSceneManifest_Generation = YES;
				INFOPLIST_KEY_UIApplicationSupportsIndirectInputEvents = YES;
				INFOPLIST_KEY_UILaunchScreen_Generation = YES;
				INFOPLIST_KEY_UISupportedInterfaceOrientations_iPad = "UIInterfaceOrientationPortrait UIInterfaceOrientationPortraitUpsideDown UIInterfaceOrientationLandscapeLeft UIInterfaceOrientationLandscapeRight";
				INFOPLIST_KEY_UISupportedInterfaceOrientations_iPhone = "UIInterfaceOrientationPortrait UIInterfaceOrientationLandscapeLeft UIInterfaceOrientationLandscapeRight";
				LD_RUNPATH_SEARCH_PATHS = (
					"$(inherited)",
					"@executable_path/Frameworks",
				);
				MARKETING_VERSION = 1.0;
				PRODUCT_BUNDLE_IDENTIFIER = hayate.swift.FreeDays;
				PRODUCT_NAME = "$(TARGET_NAME)";
				SWIFT_EMIT_LOC_STRINGS = YES;
				SWIFT_VERSION = 5.0;
				TARGETED_DEVICE_FAMILY = "1,2";
			};
			name = Release;
		};
/* End XCBuildConfiguration section */

/* Begin XCConfigurationList section */
		75B837B32A7B659900DEA270 /* Build configuration list for PBXProject "FreeDays" */ = {
			isa = XCConfigurationList;
			buildConfigurations = (
				75B837C42A7B659B00DEA270 /* Debug */,
				75B837C52A7B659B00DEA270 /* Release */,
			);
			defaultConfigurationIsVisible = 0;
			defaultConfigurationName = Release;
		};
		75B837C62A7B659B00DEA270 /* Build configuration list for PBXNativeTarget "FreeDays" */ = {
			isa = XCConfigurationList;
			buildConfigurations = (
				75B837C72A7B659B00DEA270 /* Debug */,
				75B837C82A7B659B00DEA270 /* Release */,
			);
			defaultConfigurationIsVisible = 0;
			defaultConfigurationName = Release;
		};
/* End XCConfigurationList section */
	};
	rootObject = 75B837B02A7B659900DEA270 /* Project object */;
}
